
Microsoft Visual Studio Solution File, Format Version 12.00
# Visual Studio Version 17
VisualStudioVersion = 17.14.37111.16 d17.14
MinimumVisualStudioVersion = 10.0.40219.1
Project("{FAE04EC0-301F-11D3-BF4B-00C04F79EFBC}") = "MoviesApp", "MoviesApp\MoviesApp.csproj", "{00BBEA53-2C8B-43FB-9298-624B31E92771}"
EndProject
Global
	GlobalSection(SolutionConfigurationPlatforms) = preSolution
		Debug|Any CPU = Debug|Any CPU
		Release|Any CPU = Release|Any CPU
	EndGlobalSection
	GlobalSection(ProjectConfigurationPlatforms) = postSolution
		{00BBEA53-2C8B-43FB-9298-624B31E92771}.Debug|Any CPU.ActiveCfg = Debug|Any CPU
		{00BBEA53-2C8B-43FB-9298-624B31E92771}.Debug|Any CPU.Build.0 = Debug|Any CPU
		{00BBEA53-2C8B-43FB-9298-624B31E92771}.Release|Any CPU.ActiveCfg = Release|Any CPU
		{00BBEA53-2C8B-43FB-9298-624B31E92771}.Release|Any CPU.Build.0 = Release|Any CPU
	EndGlobalSection
	GlobalSection(SolutionProperties) = preSolution
		HideSolutionNode = FALSE
	EndGlobalSection
	GlobalSection(ExtensibilityGlobals) = postSolution
		SolutionGuid = {20662731-B653-4349-8B44-31B77102ECA7}
	EndGlobalSection
EndGlobal
