
Microsoft Visual Studio Solution File, Format Version 12.00
# Visual Studio Version 17
VisualStudioVersion = 17.14.37111.16 d17.14
MinimumVisualStudioVersion = 10.0.40219.1
Project("{FAE04EC0-301F-11D3-BF4B-00C04F79EFBC}") = "Assessment3", "Assessment3\Assessment3.csproj", "{BBFCA557-7CDB-449E-B873-1E1D30C1360F}"
EndProject
Global
	GlobalSection(SolutionConfigurationPlatforms) = preSolution
		Debug|Any CPU = Debug|Any CPU
		Release|Any CPU = Release|Any CPU
	EndGlobalSection
	GlobalSection(ProjectConfigurationPlatforms) = postSolution
		{BBFCA557-7CDB-449E-B873-1E1D30C1360F}.Debug|Any CPU.ActiveCfg = Debug|Any CPU
		{BBFCA557-7CDB-449E-B873-1E1D30C1360F}.Debug|Any CPU.Build.0 = Debug|Any CPU
		{BBFCA557-7CDB-449E-B873-1E1D30C1360F}.Release|Any CPU.ActiveCfg = Release|Any CPU
		{BBFCA557-7CDB-449E-B873-1E1D30C1360F}.Release|Any CPU.Build.0 = Release|Any CPU
	EndGlobalSection
	GlobalSection(SolutionProperties) = preSolution
		HideSolutionNode = FALSE
	EndGlobalSection
	GlobalSection(ExtensibilityGlobals) = postSolution
		SolutionGuid = {9F04F44D-3E5A-4435-8CC3-8184AD50B9EF}
	EndGlobalSection
EndGlobal
