
Microsoft Visual Studio Solution File, Format Version 12.00
# Visual Studio Version 17
VisualStudioVersion = 17.14.37111.16 d17.14
MinimumVisualStudioVersion = 10.0.40219.1
Project("{FAE04EC0-301F-11D3-BF4B-00C04F79EFBC}") = "Assessment1", "Assessment1\Assessment1.csproj", "{04AB50DD-7467-4FB0-BEA0-239F9D7B3102}"
EndProject
Global
	GlobalSection(SolutionConfigurationPlatforms) = preSolution
		Debug|Any CPU = Debug|Any CPU
		Release|Any CPU = Release|Any CPU
	EndGlobalSection
	GlobalSection(ProjectConfigurationPlatforms) = postSolution
		{04AB50DD-7467-4FB0-BEA0-239F9D7B3102}.Debug|Any CPU.ActiveCfg = Debug|Any CPU
		{04AB50DD-7467-4FB0-BEA0-239F9D7B3102}.Debug|Any CPU.Build.0 = Debug|Any CPU
		{04AB50DD-7467-4FB0-BEA0-239F9D7B3102}.Release|Any CPU.ActiveCfg = Release|Any CPU
		{04AB50DD-7467-4FB0-BEA0-239F9D7B3102}.Release|Any CPU.Build.0 = Release|Any CPU
	EndGlobalSection
	GlobalSection(SolutionProperties) = preSolution
		HideSolutionNode = FALSE
	EndGlobalSection
	GlobalSection(ExtensibilityGlobals) = postSolution
		SolutionGuid = {32735231-E8B8-479C-AD7F-B7C0ED272287}
	EndGlobalSection
EndGlobal
