
Microsoft Visual Studio Solution File, Format Version 12.00
# Visual Studio Version 17
VisualStudioVersion = 17.14.37111.16 d17.14
MinimumVisualStudioVersion = 10.0.40219.1
Project("{FAE04EC0-301F-11D3-BF4B-00C04F79EFBC}") = "Assignment4", "Assignment4\Assignment4.csproj", "{EA22C843-33E2-4093-A8BE-A8AB9102D0E2}"
EndProject
Global
	GlobalSection(SolutionConfigurationPlatforms) = preSolution
		Debug|Any CPU = Debug|Any CPU
		Release|Any CPU = Release|Any CPU
	EndGlobalSection
	GlobalSection(ProjectConfigurationPlatforms) = postSolution
		{EA22C843-33E2-4093-A8BE-A8AB9102D0E2}.Debug|Any CPU.ActiveCfg = Debug|Any CPU
		{EA22C843-33E2-4093-A8BE-A8AB9102D0E2}.Debug|Any CPU.Build.0 = Debug|Any CPU
		{EA22C843-33E2-4093-A8BE-A8AB9102D0E2}.Release|Any CPU.ActiveCfg = Release|Any CPU
		{EA22C843-33E2-4093-A8BE-A8AB9102D0E2}.Release|Any CPU.Build.0 = Release|Any CPU
	EndGlobalSection
	GlobalSection(SolutionProperties) = preSolution
		HideSolutionNode = FALSE
	EndGlobalSection
	GlobalSection(ExtensibilityGlobals) = postSolution
		SolutionGuid = {390FD81D-0E78-4AE0-9D87-9394D578BAAF}
	EndGlobalSection
EndGlobal
