
Microsoft Visual Studio Solution File, Format Version 12.00
# Visual Studio Version 17
VisualStudioVersion = 17.14.37111.16 d17.14
MinimumVisualStudioVersion = 10.0.40219.1
Project("{FAE04EC0-301F-11D3-BF4B-00C04F79EFBC}") = "Assessment", "Assessment\Assessment.csproj", "{00FA3804-391E-4D5A-99D5-A2A4AEB9E277}"
EndProject
Global
	GlobalSection(SolutionConfigurationPlatforms) = preSolution
		Debug|Any CPU = Debug|Any CPU
		Release|Any CPU = Release|Any CPU
	EndGlobalSection
	GlobalSection(ProjectConfigurationPlatforms) = postSolution
		{00FA3804-391E-4D5A-99D5-A2A4AEB9E277}.Debug|Any CPU.ActiveCfg = Debug|Any CPU
		{00FA3804-391E-4D5A-99D5-A2A4AEB9E277}.Debug|Any CPU.Build.0 = Debug|Any CPU
		{00FA3804-391E-4D5A-99D5-A2A4AEB9E277}.Release|Any CPU.ActiveCfg = Release|Any CPU
		{00FA3804-391E-4D5A-99D5-A2A4AEB9E277}.Release|Any CPU.Build.0 = Release|Any CPU
	EndGlobalSection
	GlobalSection(SolutionProperties) = preSolution
		HideSolutionNode = FALSE
	EndGlobalSection
	GlobalSection(ExtensibilityGlobals) = postSolution
		SolutionGuid = {D5A4D2E3-EA59-4EFC-A5FF-CD4345BE5901}
	EndGlobalSection
EndGlobal
