
Microsoft Visual Studio Solution File, Format Version 12.00
# Visual Studio Version 17
VisualStudioVersion = 17.14.37111.16 d17.14
MinimumVisualStudioVersion = 10.0.40219.1
Project("{FAE04EC0-301F-11D3-BF4B-00C04F79EFBC}") = "Assignment1", "Assignment1\Assignment1.csproj", "{94078279-D881-4AFD-98CA-D69190324A5E}"
EndProject
Global
	GlobalSection(SolutionConfigurationPlatforms) = preSolution
		Debug|Any CPU = Debug|Any CPU
		Release|Any CPU = Release|Any CPU
	EndGlobalSection
	GlobalSection(ProjectConfigurationPlatforms) = postSolution
		{94078279-D881-4AFD-98CA-D69190324A5E}.Debug|Any CPU.ActiveCfg = Debug|Any CPU
		{94078279-D881-4AFD-98CA-D69190324A5E}.Debug|Any CPU.Build.0 = Debug|Any CPU
		{94078279-D881-4AFD-98CA-D69190324A5E}.Release|Any CPU.ActiveCfg = Release|Any CPU
		{94078279-D881-4AFD-98CA-D69190324A5E}.Release|Any CPU.Build.0 = Release|Any CPU
	EndGlobalSection
	GlobalSection(SolutionProperties) = preSolution
		HideSolutionNode = FALSE
	EndGlobalSection
	GlobalSection(ExtensibilityGlobals) = postSolution
		SolutionGuid = {C0A84E82-FF07-4DE0-8EE1-6A04C9B8F113}
	EndGlobalSection
EndGlobal
