
Microsoft Visual Studio Solution File, Format Version 12.00
# Visual Studio Version 17
VisualStudioVersion = 17.14.37111.16 d17.14
MinimumVisualStudioVersion = 10.0.40219.1
Project("{FAE04EC0-301F-11D3-BF4B-00C04F79EFBC}") = "Assignment5", "Assignment5\Assignment5.csproj", "{A65D2930-8839-44E3-8667-34D57D0D3627}"
EndProject
Global
	GlobalSection(SolutionConfigurationPlatforms) = preSolution
		Debug|Any CPU = Debug|Any CPU
		Release|Any CPU = Release|Any CPU
	EndGlobalSection
	GlobalSection(ProjectConfigurationPlatforms) = postSolution
		{A65D2930-8839-44E3-8667-34D57D0D3627}.Debug|Any CPU.ActiveCfg = Debug|Any CPU
		{A65D2930-8839-44E3-8667-34D57D0D3627}.Debug|Any CPU.Build.0 = Debug|Any CPU
		{A65D2930-8839-44E3-8667-34D57D0D3627}.Release|Any CPU.ActiveCfg = Release|Any CPU
		{A65D2930-8839-44E3-8667-34D57D0D3627}.Release|Any CPU.Build.0 = Release|Any CPU
	EndGlobalSection
	GlobalSection(SolutionProperties) = preSolution
		HideSolutionNode = FALSE
	EndGlobalSection
	GlobalSection(ExtensibilityGlobals) = postSolution
		SolutionGuid = {50AFFC7C-2EB8-4374-9A7B-B468ADBF14EF}
	EndGlobalSection
EndGlobal
