
Microsoft Visual Studio Solution File, Format Version 12.00
# Visual Studio Version 17
VisualStudioVersion = 17.14.37111.16 d17.14
MinimumVisualStudioVersion = 10.0.40219.1
Project("{FAE04EC0-301F-11D3-BF4B-00C04F79EFBC}") = "Assignment1", "Assignment1\Assignment1.csproj", "{FB94AF08-6A19-41D8-943F-FA745D8FAC54}"
EndProject
Global
	GlobalSection(SolutionConfigurationPlatforms) = preSolution
		Debug|Any CPU = Debug|Any CPU
		Release|Any CPU = Release|Any CPU
	EndGlobalSection
	GlobalSection(ProjectConfigurationPlatforms) = postSolution
		{FB94AF08-6A19-41D8-943F-FA745D8FAC54}.Debug|Any CPU.ActiveCfg = Debug|Any CPU
		{FB94AF08-6A19-41D8-943F-FA745D8FAC54}.Debug|Any CPU.Build.0 = Debug|Any CPU
		{FB94AF08-6A19-41D8-943F-FA745D8FAC54}.Release|Any CPU.ActiveCfg = Release|Any CPU
		{FB94AF08-6A19-41D8-943F-FA745D8FAC54}.Release|Any CPU.Build.0 = Release|Any CPU
	EndGlobalSection
	GlobalSection(SolutionProperties) = preSolution
		HideSolutionNode = FALSE
	EndGlobalSection
	GlobalSection(ExtensibilityGlobals) = postSolution
		SolutionGuid = {5F476640-FA72-4FB3-A7BF-5B0D7EB9DA9E}
	EndGlobalSection
EndGlobal
