
Microsoft Visual Studio Solution File, Format Version 12.00
# Visual Studio Version 17
VisualStudioVersion = 17.14.37111.16 d17.14
MinimumVisualStudioVersion = 10.0.40219.1
Project("{FAE04EC0-301F-11D3-BF4B-00C04F79EFBC}") = "FoodOrderManagement", "FoodOrderManagement\FoodOrderManagement.csproj", "{608F763D-C3A7-4002-96E4-514A95ECC24B}"
EndProject
Global
	GlobalSection(SolutionConfigurationPlatforms) = preSolution
		Debug|Any CPU = Debug|Any CPU
		Release|Any CPU = Release|Any CPU
	EndGlobalSection
	GlobalSection(ProjectConfigurationPlatforms) = postSolution
		{608F763D-C3A7-4002-96E4-514A95ECC24B}.Debug|Any CPU.ActiveCfg = Debug|Any CPU
		{608F763D-C3A7-4002-96E4-514A95ECC24B}.Debug|Any CPU.Build.0 = Debug|Any CPU
		{608F763D-C3A7-4002-96E4-514A95ECC24B}.Release|Any CPU.ActiveCfg = Release|Any CPU
		{608F763D-C3A7-4002-96E4-514A95ECC24B}.Release|Any CPU.Build.0 = Release|Any CPU
	EndGlobalSection
	GlobalSection(SolutionProperties) = preSolution
		HideSolutionNode = FALSE
	EndGlobalSection
	GlobalSection(ExtensibilityGlobals) = postSolution
		SolutionGuid = {3C25FF4A-2A74-4AE7-A639-77F73BFB4138}
	EndGlobalSection
EndGlobal
