
Microsoft Visual Studio Solution File, Format Version 12.00
# Visual Studio Version 17
VisualStudioVersion = 17.14.37111.16 d17.14
MinimumVisualStudioVersion = 10.0.40219.1
Project("{FAE04EC0-301F-11D3-BF4B-00C04F79EFBC}") = "Assignment1", "Assignment1\Assignment1.csproj", "{3F498A94-7B8B-4086-B26E-67F607E2220B}"
EndProject
Global
	GlobalSection(SolutionConfigurationPlatforms) = preSolution
		Debug|Any CPU = Debug|Any CPU
		Release|Any CPU = Release|Any CPU
	EndGlobalSection
	GlobalSection(ProjectConfigurationPlatforms) = postSolution
		{3F498A94-7B8B-4086-B26E-67F607E2220B}.Debug|Any CPU.ActiveCfg = Debug|Any CPU
		{3F498A94-7B8B-4086-B26E-67F607E2220B}.Debug|Any CPU.Build.0 = Debug|Any CPU
		{3F498A94-7B8B-4086-B26E-67F607E2220B}.Release|Any CPU.ActiveCfg = Release|Any CPU
		{3F498A94-7B8B-4086-B26E-67F607E2220B}.Release|Any CPU.Build.0 = Release|Any CPU
	EndGlobalSection
	GlobalSection(SolutionProperties) = preSolution
		HideSolutionNode = FALSE
	EndGlobalSection
	GlobalSection(ExtensibilityGlobals) = postSolution
		SolutionGuid = {1FB38A5B-3B21-47D2-AF78-52E44801EF46}
	EndGlobalSection
EndGlobal
